// !$*UTF8*$!
{
	archiveVersion = 1;
	classes = {
	};
	objectVersion = 46;
	objects = {

/* Begin PBXBuildFile section */
		095980C21E6D5AD0002CA938 /* main.m in Sources */ = {isa = PBXBuildFile; fileRef = 095980C11E6D5AD0002CA938 /* main.m */; };
		095980C51E6D5AD0002CA938 /* AppDelegate.m in Sources */ = {isa = PBXBuildFile; fileRef = 095980C41E6D5AD0002CA938 /* AppDelegate.m */; };
		095980C81E6D5AD0002CA938 /* ViewController.m in Sources */ = {isa = PBXBuildFile; fileRef = 095980C71E6D5AD0002CA938 /* ViewController.m */; };
		095980CB1E6D5AD0002CA938 /* Main.storyboard in Resources */ = {isa = PBXBuildFile; fileRef = 095980C91E6D5AD0002CA938 /* Main.storyboard */; };
		095980CE1E6D5AD0002CA938 /* GenerarFicheros.xcdatamodeld in Sources */ = {isa = PBXBuildFile; fileRef = 095980CC1E6D5AD0002CA938 /* GenerarFicheros.xcdatamodeld */; };
		095980D01E6D5AD0002CA938 /* Assets.xcassets in Resources */ = {isa = PBXBuildFile; fileRef = 095980CF1E6D5AD0002CA938 /* Assets.xcassets */; };
		095980D31E6D5AD0002CA938 /* LaunchScreen.storyboard in Resources */ = {isa = PBXBuildFile; fileRef = 095980D11E6D5AD0002CA938 /* LaunchScreen.storyboard */; };
		095980DC1E6D5AFA002CA938 /* GenerarFicheroViewController.m in Sources */ = {isa = PBXBuildFile; fileRef = 095980DB1E6D5AFA002CA938 /* GenerarFicheroViewController.m */; };
/* End PBXBuildFile section */

/* Begin PBXFileReference section */
		095980BD1E6D5AD0002CA938 /* GenerarFicheros.app */ = {isa = PBXFileReference; explicitFileType = wrapper.application; includeInIndex = 0; path = GenerarFicheros.app; sourceTree = BUILT_PRODUCTS_DIR; };
		095980C11E6D5AD0002CA938 /* main.m */ = {isa = PBXFileReference; lastKnownFileType = sourcecode.c.objc; path = main.m; sourceTree = "<group>"; };
		095980C31E6D5AD0002CA938 /* AppDelegate.h */ = {isa = PBXFileReference; lastKnownFileType = sourcecode.c.h; path = AppDelegate.h; sourceTree = "<group>"; };
		095980C41E6D5AD0002CA938 /* AppDelegate.m */ = {isa = PBXFileReference; lastKnownFileType = sourcecode.c.objc; path = AppDelegate.m; sourceTree = "<group>"; };
		095980C61E6D5AD0002CA938 /* ViewController.h */ = {isa = PBXFileReference; lastKnownFileType = sourcecode.c.h; path = ViewController.h; sourceTree = "<group>"; };
		095980C71E6D5AD0002CA938 /* ViewController.m */ = {isa = PBXFileReference; lastKnownFileType = sourcecode.c.objc; path = ViewController.m; sourceTree = "<group>"; };
		095980CA1E6D5AD0002CA938 /* Base */ = {isa = PBXFileReference; lastKnownFileType = file.storyboard; name = Base; path = Base.lproj/Main.storyboard; sourceTree = "<group>"; };
		095980CD1E6D5AD0002CA938 /* GenerarFicheros.xcdatamodel */ = {isa = PBXFileReference; lastKnownFileType = wrapper.xcdatamodel; path = GenerarFicheros.xcdatamodel; sourceTree = "<group>"; };
		095980CF1E6D5AD0002CA938 /* Assets.xcassets */ = {isa = PBXFileReference; lastKnownFileType = folder.assetcatalog; path = Assets.xcassets; sourceTree = "<group>"; };
		095980D21E6D5AD0002CA938 /* Base */ = {isa = PBXFileReference; lastKnownFileType = file.storyboard; name = Base; path = Base.lproj/LaunchScreen.storyboard; sourceTree = "<group>"; };
		095980D41E6D5AD0002CA938 /* Info.plist */ = {isa = PBXFileReference; lastKnownFileType = text.plist.xml; path = Info.plist; sourceTree = "<group>"; };
		095980DA1E6D5AFA002CA938 /* GenerarFicheroViewController.h */ = {isa = PBXFileReference; fileEncoding = 4; lastKnownFileType = sourcecode.c.h; path = GenerarFicheroViewController.h; sourceTree = "<group>"; };
		095980DB1E6D5AFA002CA938 /* GenerarFicheroViewController.m */ = {isa = PBXFileReference; fileEncoding = 4; lastKnownFileType = sourcecode.c.objc; path = GenerarFicheroViewController.m; sourceTree = "<group>"; };
/* End PBXFileReference section */

/* Begin PBXFrameworksBuildPhase section */
		095980BA1E6D5AD0002CA938 /* Frameworks */ = {
			isa = PBXFrameworksBuildPhase;
			buildActionMask = 2147483647;
			files = (
			);
			runOnlyForDeploymentPostprocessing = 0;
		};
/* End PBXFrameworksBuildPhase section */

/* Begin PBXGroup section */
		095980B41E6D5AD0002CA938 = {
			isa = PBXGroup;
			children = (
				095980BF1E6D5AD0002CA938 /* GenerarFicheros */,
				095980BE1E6D5AD0002CA938 /* Products */,
			);
			sourceTree = "<group>";
		};
		095980BE1E6D5AD0002CA938 /* Products */ = {
			isa = PBXGroup;
			children = (
				095980BD1E6D5AD0002CA938 /* GenerarFicheros.app */,
			);
			name = Products;
			sourceTree = "<group>";
		};
		095980BF1E6D5AD0002CA938 /* GenerarFicheros */ = {
			isa = PBXGroup;
			children = (
				095980C31E6D5AD0002CA938 /* AppDelegate.h */,
				095980C41E6D5AD0002CA938 /* AppDelegate.m */,
				095980C61E6D5AD0002CA938 /* ViewController.h */,
				095980C71E6D5AD0002CA938 /* ViewController.m */,
				095980C91E6D5AD0002CA938 /* Main.storyboard */,
				095980DA1E6D5AFA002CA938 /* GenerarFicheroViewController.h */,
				095980DB1E6D5AFA002CA938 /* GenerarFicheroViewController.m */,
				095980CF1E6D5AD0002CA938 /* Assets.xcassets */,
				095980D11E6D5AD0002CA938 /* LaunchScreen.storyboard */,
				095980D41E6D5AD0002CA938 /* Info.plist */,
				095980CC1E6D5AD0002CA938 /* GenerarFicheros.xcdatamodeld */,
				095980C01E6D5AD0002CA938 /* Supporting Files */,
			);
			path = GenerarFicheros;
			sourceTree = "<group>";
		};
		095980C01E6D5AD0002CA938 /* Supporting Files */ = {
			isa = PBXGroup;
			children = (
				095980C11E6D5AD0002CA938 /* main.m */,
			);
			name = "Supporting Files";
			sourceTree = "<group>";
		};
/* End PBXGroup section */

/* Begin PBXNativeTarget section */
		095980BC1E6D5AD0002CA938 /* GenerarFicheros */ = {
			isa = PBXNativeTarget;
			buildConfigurationList = 095980D71E6D5AD0002CA938 /* Build configuration list for PBXNativeTarget "GenerarFicheros" */;
			buildPhases = (
				095980B91E6D5AD0002CA938 /* Sources */,
				095980BA1E6D5AD0002CA938 /* Frameworks */,
				095980BB1E6D5AD0002CA938 /* Resources */,
			);
			buildRules = (
			);
			dependencies = (
			);
			name = GenerarFicheros;
			productName = GenerarFicheros;
			productReference = 095980BD1E6D5AD0002CA938 /* GenerarFicheros.app */;
			productType = "com.apple.product-type.application";
		};
/* End PBXNativeTarget section */

/* Begin PBXProject section */
		095980B51E6D5AD0002CA938 /* Project object */ = {
			isa = PBXProject;
			attributes = {
				LastUpgradeCheck = 0800;
				ORGANIZATIONNAME = scriptingsystems;
				TargetAttributes = {
					095980BC1E6D5AD0002CA938 = {
						CreatedOnToolsVersion = 8.0;
						ProvisioningStyle = Automatic;
					};
				};
			};
			buildConfigurationList = 095980B81E6D5AD0002CA938 /* Build configuration list for PBXProject "GenerarFicheros" */;
			compatibilityVersion = "Xcode 3.2";
			developmentRegion = English;
			hasScannedForEncodings = 0;
			knownRegions = (
				en,
				Base,
			);
			mainGroup = 095980B41E6D5AD0002CA938;
			productRefGroup = 095980BE1E6D5AD0002CA938 /* Products */;
			projectDirPath = "";
			projectRoot = "";
			targets = (
				095980BC1E6D5AD0002CA938 /* GenerarFicheros */,
			);
		};
/* End PBXProject section */

/* Begin PBXResourcesBuildPhase section */
		095980BB1E6D5AD0002CA938 /* Resources */ = {
			isa = PBXResourcesBuildPhase;
			buildActionMask = 2147483647;
			files = (
				095980D31E6D5AD0002CA938 /* LaunchScreen.storyboard in Resources */,
				095980D01E6D5AD0002CA938 /* Assets.xcassets in Resources */,
				095980CB1E6D5AD0002CA938 /* Main.storyboard in Resources */,
			);
			runOnlyForDeploymentPostprocessing = 0;
		};
/* End PBXResourcesBuildPhase section */

/* Begin PBXSourcesBuildPhase section */
		095980B91E6D5AD0002CA938 /* Sources */ = {
			isa = PBXSourcesBuildPhase;
			buildActionMask = 2147483647;
			files = (
				095980C81E6D5AD0002CA938 /* ViewController.m in Sources */,
				095980C51E6D5AD0002CA938 /* AppDelegate.m in Sources */,
				095980DC1E6D5AFA002CA938 /* GenerarFicheroViewController.m in Sources */,
				095980C21E6D5AD0002CA938 /* main.m in Sources */,
				095980CE1E6D5AD0002CA938 /* GenerarFicheros.xcdatamodeld in Sources */,
			);
			runOnlyForDeploymentPostprocessing = 0;
		};
/* End PBXSourcesBuildPhase section */

/* Begin PBXVariantGroup section */
		095980C91E6D5AD0002CA938 /* Main.storyboard */ = {
			isa = PBXVariantGroup;
			children = (
				095980CA1E6D5AD0002CA938 /* Base */,
			);
			name = Main.storyboard;
			sourceTree = "<group>";
		};
		095980D11E6D5AD0002CA938 /* LaunchScreen.storyboard */ = {
			isa = PBXVariantGroup;
			children = (
				095980D21E6D5AD0002CA938 /* Base */,
			);
			name = LaunchScreen.storyboard;
			sourceTree = "<group>";
		};
/* End PBXVariantGroup section */

/* Begin XCBuildConfiguration section */
		095980D51E6D5AD0002CA938 /* Debug */ = {
			isa = XCBuildConfiguration;
			buildSettings = {
				ALWAYS_SEARCH_USER_PATHS = NO;
				CLANG_ANALYZER_NONNULL = YES;
				CLANG_CXX_LANGUAGE_STANDARD = "gnu++0x";
				CLANG_CXX_LIBRARY = "libc++";
				CLANG_ENABLE_MODULES = YES;
				CLANG_ENABLE_OBJC_ARC = YES;
				CLANG_WARN_BOOL_CONVERSION = YES;
				CLANG_WARN_CONSTANT_CONVERSION = YES;
				CLANG_WARN_DIRECT_OBJC_ISA_USAGE = YES_ERROR;
				CLANG_WARN_DOCUMENTATION_COMMENTS = YES;
				CLANG_WARN_EMPTY_BODY = YES;
				CLANG_WARN_ENUM_CONVERSION = YES;
				CLANG_WARN_INFINITE_RECURSION = YES;
				CLANG_WARN_INT_CONVERSION = YES;
				CLANG_WARN_OBJC_ROOT_CLASS = YES_ERROR;
				CLANG_WARN_SUSPICIOUS_MOVES = YES;
				CLANG_WARN_UNREACHABLE_CODE = YES;
				CLANG_WARN__DUPLICATE_METHOD_MATCH = YES;
				"CODE_SIGN_IDENTITY[sdk=iphoneos*]" = "iPhone Developer";
				COPY_PHASE_STRIP = NO;
				DEBUG_INFORMATION_FORMAT = dwarf;
				ENABLE_STRICT_OBJC_MSGSEND = YES;
				ENABLE_TESTABILITY = YES;
				GCC_C_LANGUAGE_STANDARD = gnu99;
				GCC_DYNAMIC_NO_PIC = NO;
				GCC_NO_COMMON_BLOCKS = YES;
				GCC_OPTIMIZATION_LEVEL = 0;
				GCC_PREPROCESSOR_DEFINITIONS = (
					"DEBUG=1",
					"$(inherited)",
				);
				GCC_WARN_64_TO_32_BIT_CONVERSION = YES;
				GCC_WARN_ABOUT_RETURN_TYPE = YES_ERROR;
				GCC_WARN_UNDECLARED_SELECTOR = YES;
				GCC_WARN_UNINITIALIZED_AUTOS = YES_AGGRESSIVE;
				GCC_WARN_UNUSED_FUNCTION = YES;
				GCC_WARN_UNUSED_VARIABLE = YES;
				IPHONEOS_DEPLOYMENT_TARGET = 10.0;
				MTL_ENABLE_DEBUG_INFO = YES;
				ONLY_ACTIVE_ARCH = YES;
				SDKROOT = iphoneos;
				TARGETED_DEVICE_FAMILY = "1,2";
			};
			name = Debug;
		};
		095980D61E6D5AD0002CA938 /* Release */ = {
			isa = XCBuildConfiguration;
			buildSettings = {
				ALWAYS_SEARCH_USER_PATHS = NO;
				CLANG_ANALYZER_NONNULL = YES;
				CLANG_CXX_LANGUAGE_STANDARD = "gnu++0x";
				CLANG_CXX_LIBRARY = "libc++";
				CLANG_ENABLE_MODULES = YES;
				CLANG_ENABLE_OBJC_ARC = YES;
				CLANG_WARN_BOOL_CONVERSION = YES;
				CLANG_WARN_CONSTANT_CONVERSION = YES;
				CLANG_WARN_DIRECT_OBJC_ISA_USAGE = YES_ERROR;
				CLANG_WARN_DOCUMENTATION_COMMENTS = YES;
				CLANG_WARN_EMPTY_BODY = YES;
				CLANG_WARN_ENUM_CONVERSION = YES;
				CLANG_WARN_INFINITE_RECURSION = YES;
				CLANG_WARN_INT_CONVERSION = YES;
				CLANG_WARN_OBJC_ROOT_CLASS = YES_ERROR;
				CLANG_WARN_SUSPICIOUS_MOVES = YES;
				CLANG_WARN_UNREACHABLE_CODE = YES;
				CLANG_WARN__DUPLICATE_METHOD_MATCH = YES;
				"CODE_SIGN_IDENTITY[sdk=iphoneos*]" = "iPhone Developer";
				COPY_PHASE_STRIP = NO;
				DEBUG_INFORMATION_FORMAT = "dwarf-with-dsym";
				ENABLE_NS_ASSERTIONS = NO;
				ENABLE_STRICT_OBJC_MSGSEND = YES;
				GCC_C_LANGUAGE_STANDARD = gnu99;
				GCC_NO_COMMON_BLOCKS = YES;
				GCC_WARN_64_TO_32_BIT_CONVERSION = YES;
				GCC_WARN_ABOUT_RETURN_TYPE = YES_ERROR;
				GCC_WARN_UNDECLARED_SELECTOR = YES;
				GCC_WARN_UNINITIALIZED_AUTOS = YES_AGGRESSIVE;
				GCC_WARN_UNUSED_FUNCTION = YES;
				GCC_WARN_UNUSED_VARIABLE = YES;
				IPHONEOS_DEPLOYMENT_TARGET = 10.0;
				MTL_ENABLE_DEBUG_INFO = NO;
				SDKROOT = iphoneos;
				TARGETED_DEVICE_FAMILY = "1,2";
				VALIDATE_PRODUCT = YES;
			};
			name = Release;
		};
		095980D81E6D5AD0002CA938 /* Debug */ = {
			isa = XCBuildConfiguration;
			buildSettings = {
				ASSETCATALOG_COMPILER_APPICON_NAME = AppIcon;
				INFOPLIST_FILE = GenerarFicheros/Info.plist;
				LD_RUNPATH_SEARCH_PATHS = "$(inherited) @executable_path/Frameworks";
				PRODUCT_BUNDLE_IDENTIFIER = com.scriptingsystems.GenerarFicheros;
				PRODUCT_NAME = "$(TARGET_NAME)";
			};
			name = Debug;
		};
		095980D91E6D5AD0002CA938 /* Release */ = {
			isa = XCBuildConfiguration;
			buildSettings = {
				ASSETCATALOG_COMPILER_APPICON_NAME = AppIcon;
				INFOPLIST_FILE = GenerarFicheros/Info.plist;
				LD_RUNPATH_SEARCH_PATHS = "$(inherited) @executable_path/Frameworks";
				PRODUCT_BUNDLE_IDENTIFIER = com.scriptingsystems.GenerarFicheros;
				PRODUCT_NAME = "$(TARGET_NAME)";
			};
			name = Release;
		};
/* End XCBuildConfiguration section */

/* Begin XCConfigurationList section */
		095980B81E6D5AD0002CA938 /* Build configuration list for PBXProject "GenerarFicheros" */ = {
			isa = XCConfigurationList;
			buildConfigurations = (
				095980D51E6D5AD0002CA938 /* Debug */,
				095980D61E6D5AD0002CA938 /* Release */,
			);
			defaultConfigurationIsVisible = 0;
			defaultConfigurationName = Release;
		};
		095980D71E6D5AD0002CA938 /* Build configuration list for PBXNativeTarget "GenerarFicheros" */ = {
			isa = XCConfigurationList;
			buildConfigurations = (
				095980D81E6D5AD0002CA938 /* Debug */,
				095980D91E6D5AD0002CA938 /* Release */,
			);
			defaultConfigurationIsVisible = 0;
		};
/* End XCConfigurationList section */

/* Begin XCVersionGroup section */
		095980CC1E6D5AD0002CA938 /* GenerarFicheros.xcdatamodeld */ = {
			isa = XCVersionGroup;
			children = (
				095980CD1E6D5AD0002CA938 /* GenerarFicheros.xcdatamodel */,
			);
			currentVersion = 095980CD1E6D5AD0002CA938 /* GenerarFicheros.xcdatamodel */;
			path = GenerarFicheros.xcdatamodeld;
			sourceTree = "<group>";
			versionGroupType = wrapper.xcdatamodel;
		};
/* End XCVersionGroup section */
	};
	rootObject = 095980B51E6D5AD0002CA938 /* Project object */;
}
