// !$*UTF8*$!
{
	archiveVersion = 1;
	classes = {
	};
	objectVersion = 46;
	objects = {

/* Begin PBXBuildFile section */
		09BA33771E77DF8300F9302B /* main.m in Sources */ = {isa = PBXBuildFile; fileRef = 09BA33761E77DF8300F9302B /* main.m */; };
		09BA337A1E77DF8300F9302B /* AppDelegate.m in Sources */ = {isa = PBXBuildFile; fileRef = 09BA33791E77DF8300F9302B /* AppDelegate.m */; };
		09BA337D1E77DF8300F9302B /* ViewController.m in Sources */ = {isa = PBXBuildFile; fileRef = 09BA337C1E77DF8300F9302B /* ViewController.m */; };
		09BA33801E77DF8300F9302B /* Main.storyboard in Resources */ = {isa = PBXBuildFile; fileRef = 09BA337E1E77DF8300F9302B /* Main.storyboard */; };
		09BA33831E77DF8300F9302B /* NavegadorWebEnNuestraAPP.xcdatamodeld in Sources */ = {isa = PBXBuildFile; fileRef = 09BA33811E77DF8300F9302B /* NavegadorWebEnNuestraAPP.xcdatamodeld */; };
		09BA33851E77DF8300F9302B /* Assets.xcassets in Resources */ = {isa = PBXBuildFile; fileRef = 09BA33841E77DF8300F9302B /* Assets.xcassets */; };
		09BA33881E77DF8300F9302B /* LaunchScreen.storyboard in Resources */ = {isa = PBXBuildFile; fileRef = 09BA33861E77DF8300F9302B /* LaunchScreen.storyboard */; };
		09BA33911E77DFA800F9302B /* AbrirWebViewController.m in Sources */ = {isa = PBXBuildFile; fileRef = 09BA33901E77DFA800F9302B /* AbrirWebViewController.m */; };
		09BA33941E77E16D00F9302B /* WebKit.framework in Frameworks */ = {isa = PBXBuildFile; fileRef = 09BA33931E77E16D00F9302B /* WebKit.framework */; };
/* End PBXBuildFile section */

/* Begin PBXFileReference section */
		09BA33721E77DF8300F9302B /* NavegadorWebEnNuestraAPP.app */ = {isa = PBXFileReference; explicitFileType = wrapper.application; includeInIndex = 0; path = NavegadorWebEnNuestraAPP.app; sourceTree = BUILT_PRODUCTS_DIR; };
		09BA33761E77DF8300F9302B /* main.m */ = {isa = PBXFileReference; lastKnownFileType = sourcecode.c.objc; path = main.m; sourceTree = "<group>"; };
		09BA33781E77DF8300F9302B /* AppDelegate.h */ = {isa = PBXFileReference; lastKnownFileType = sourcecode.c.h; path = AppDelegate.h; sourceTree = "<group>"; };
		09BA33791E77DF8300F9302B /* AppDelegate.m */ = {isa = PBXFileReference; lastKnownFileType = sourcecode.c.objc; path = AppDelegate.m; sourceTree = "<group>"; };
		09BA337B1E77DF8300F9302B /* ViewController.h */ = {isa = PBXFileReference; lastKnownFileType = sourcecode.c.h; path = ViewController.h; sourceTree = "<group>"; };
		09BA337C1E77DF8300F9302B /* ViewController.m */ = {isa = PBXFileReference; lastKnownFileType = sourcecode.c.objc; path = ViewController.m; sourceTree = "<group>"; };
		09BA337F1E77DF8300F9302B /* Base */ = {isa = PBXFileReference; lastKnownFileType = file.storyboard; name = Base; path = Base.lproj/Main.storyboard; sourceTree = "<group>"; };
		09BA33821E77DF8300F9302B /* NavegadorWebEnNuestraAPP.xcdatamodel */ = {isa = PBXFileReference; lastKnownFileType = wrapper.xcdatamodel; path = NavegadorWebEnNuestraAPP.xcdatamodel; sourceTree = "<group>"; };
		09BA33841E77DF8300F9302B /* Assets.xcassets */ = {isa = PBXFileReference; lastKnownFileType = folder.assetcatalog; path = Assets.xcassets; sourceTree = "<group>"; };
		09BA33871E77DF8300F9302B /* Base */ = {isa = PBXFileReference; lastKnownFileType = file.storyboard; name = Base; path = Base.lproj/LaunchScreen.storyboard; sourceTree = "<group>"; };
		09BA33891E77DF8300F9302B /* Info.plist */ = {isa = PBXFileReference; lastKnownFileType = text.plist.xml; path = Info.plist; sourceTree = "<group>"; };
		09BA338F1E77DFA800F9302B /* AbrirWebViewController.h */ = {isa = PBXFileReference; fileEncoding = 4; lastKnownFileType = sourcecode.c.h; path = AbrirWebViewController.h; sourceTree = "<group>"; };
		09BA33901E77DFA800F9302B /* AbrirWebViewController.m */ = {isa = PBXFileReference; fileEncoding = 4; lastKnownFileType = sourcecode.c.objc; path = AbrirWebViewController.m; sourceTree = "<group>"; };
		09BA33931E77E16D00F9302B /* WebKit.framework */ = {isa = PBXFileReference; lastKnownFileType = wrapper.framework; name = WebKit.framework; path = System/Library/Frameworks/WebKit.framework; sourceTree = SDKROOT; };
/* End PBXFileReference section */

/* Begin PBXFrameworksBuildPhase section */
		09BA336F1E77DF8300F9302B /* Frameworks */ = {
			isa = PBXFrameworksBuildPhase;
			buildActionMask = 2147483647;
			files = (
				09BA33941E77E16D00F9302B /* WebKit.framework in Frameworks */,
			);
			runOnlyForDeploymentPostprocessing = 0;
		};
/* End PBXFrameworksBuildPhase section */

/* Begin PBXGroup section */
		09BA33691E77DF8300F9302B = {
			isa = PBXGroup;
			children = (
				09BA33741E77DF8300F9302B /* NavegadorWebEnNuestraAPP */,
				09BA33731E77DF8300F9302B /* Products */,
				09BA33921E77E16D00F9302B /* Frameworks */,
			);
			sourceTree = "<group>";
		};
		09BA33731E77DF8300F9302B /* Products */ = {
			isa = PBXGroup;
			children = (
				09BA33721E77DF8300F9302B /* NavegadorWebEnNuestraAPP.app */,
			);
			name = Products;
			sourceTree = "<group>";
		};
		09BA33741E77DF8300F9302B /* NavegadorWebEnNuestraAPP */ = {
			isa = PBXGroup;
			children = (
				09BA33781E77DF8300F9302B /* AppDelegate.h */,
				09BA33791E77DF8300F9302B /* AppDelegate.m */,
				09BA337B1E77DF8300F9302B /* ViewController.h */,
				09BA337C1E77DF8300F9302B /* ViewController.m */,
				09BA337E1E77DF8300F9302B /* Main.storyboard */,
				09BA338F1E77DFA800F9302B /* AbrirWebViewController.h */,
				09BA33901E77DFA800F9302B /* AbrirWebViewController.m */,
				09BA33841E77DF8300F9302B /* Assets.xcassets */,
				09BA33861E77DF8300F9302B /* LaunchScreen.storyboard */,
				09BA33891E77DF8300F9302B /* Info.plist */,
				09BA33811E77DF8300F9302B /* NavegadorWebEnNuestraAPP.xcdatamodeld */,
				09BA33751E77DF8300F9302B /* Supporting Files */,
			);
			path = NavegadorWebEnNuestraAPP;
			sourceTree = "<group>";
		};
		09BA33751E77DF8300F9302B /* Supporting Files */ = {
			isa = PBXGroup;
			children = (
				09BA33761E77DF8300F9302B /* main.m */,
			);
			name = "Supporting Files";
			sourceTree = "<group>";
		};
		09BA33921E77E16D00F9302B /* Frameworks */ = {
			isa = PBXGroup;
			children = (
				09BA33931E77E16D00F9302B /* WebKit.framework */,
			);
			name = Frameworks;
			sourceTree = "<group>";
		};
/* End PBXGroup section */

/* Begin PBXNativeTarget section */
		09BA33711E77DF8300F9302B /* NavegadorWebEnNuestraAPP */ = {
			isa = PBXNativeTarget;
			buildConfigurationList = 09BA338C1E77DF8300F9302B /* Build configuration list for PBXNativeTarget "NavegadorWebEnNuestraAPP" */;
			buildPhases = (
				09BA336E1E77DF8300F9302B /* Sources */,
				09BA336F1E77DF8300F9302B /* Frameworks */,
				09BA33701E77DF8300F9302B /* Resources */,
			);
			buildRules = (
			);
			dependencies = (
			);
			name = NavegadorWebEnNuestraAPP;
			productName = NavegadorWebEnNuestraAPP;
			productReference = 09BA33721E77DF8300F9302B /* NavegadorWebEnNuestraAPP.app */;
			productType = "com.apple.product-type.application";
		};
/* End PBXNativeTarget section */

/* Begin PBXProject section */
		09BA336A1E77DF8300F9302B /* Project object */ = {
			isa = PBXProject;
			attributes = {
				LastUpgradeCheck = 0800;
				ORGANIZATIONNAME = scriptingsystems;
				TargetAttributes = {
					09BA33711E77DF8300F9302B = {
						CreatedOnToolsVersion = 8.0;
						ProvisioningStyle = Automatic;
					};
				};
			};
			buildConfigurationList = 09BA336D1E77DF8300F9302B /* Build configuration list for PBXProject "NavegadorWebEnNuestraAPP" */;
			compatibilityVersion = "Xcode 3.2";
			developmentRegion = English;
			hasScannedForEncodings = 0;
			knownRegions = (
				en,
				Base,
			);
			mainGroup = 09BA33691E77DF8300F9302B;
			productRefGroup = 09BA33731E77DF8300F9302B /* Products */;
			projectDirPath = "";
			projectRoot = "";
			targets = (
				09BA33711E77DF8300F9302B /* NavegadorWebEnNuestraAPP */,
			);
		};
/* End PBXProject section */

/* Begin PBXResourcesBuildPhase section */
		09BA33701E77DF8300F9302B /* Resources */ = {
			isa = PBXResourcesBuildPhase;
			buildActionMask = 2147483647;
			files = (
				09BA33881E77DF8300F9302B /* LaunchScreen.storyboard in Resources */,
				09BA33851E77DF8300F9302B /* Assets.xcassets in Resources */,
				09BA33801E77DF8300F9302B /* Main.storyboard in Resources */,
			);
			runOnlyForDeploymentPostprocessing = 0;
		};
/* End PBXResourcesBuildPhase section */

/* Begin PBXSourcesBuildPhase section */
		09BA336E1E77DF8300F9302B /* Sources */ = {
			isa = PBXSourcesBuildPhase;
			buildActionMask = 2147483647;
			files = (
				09BA33911E77DFA800F9302B /* AbrirWebViewController.m in Sources */,
				09BA33831E77DF8300F9302B /* NavegadorWebEnNuestraAPP.xcdatamodeld in Sources */,
				09BA337D1E77DF8300F9302B /* ViewController.m in Sources */,
				09BA337A1E77DF8300F9302B /* AppDelegate.m in Sources */,
				09BA33771E77DF8300F9302B /* main.m in Sources */,
			);
			runOnlyForDeploymentPostprocessing = 0;
		};
/* End PBXSourcesBuildPhase section */

/* Begin PBXVariantGroup section */
		09BA337E1E77DF8300F9302B /* Main.storyboard */ = {
			isa = PBXVariantGroup;
			children = (
				09BA337F1E77DF8300F9302B /* Base */,
			);
			name = Main.storyboard;
			sourceTree = "<group>";
		};
		09BA33861E77DF8300F9302B /* LaunchScreen.storyboard */ = {
			isa = PBXVariantGroup;
			children = (
				09BA33871E77DF8300F9302B /* Base */,
			);
			name = LaunchScreen.storyboard;
			sourceTree = "<group>";
		};
/* End PBXVariantGroup section */

/* Begin XCBuildConfiguration section */
		09BA338A1E77DF8300F9302B /* Debug */ = {
			isa = XCBuildConfiguration;
			buildSettings = {
				ALWAYS_SEARCH_USER_PATHS = NO;
				CLANG_ANALYZER_NONNULL = YES;
				CLANG_CXX_LANGUAGE_STANDARD = "gnu++0x";
				CLANG_CXX_LIBRARY = "libc++";
				CLANG_ENABLE_MODULES = YES;
				CLANG_ENABLE_OBJC_ARC = YES;
				CLANG_WARN_BOOL_CONVERSION = YES;
				CLANG_WARN_CONSTANT_CONVERSION = YES;
				CLANG_WARN_DIRECT_OBJC_ISA_USAGE = YES_ERROR;
				CLANG_WARN_DOCUMENTATION_COMMENTS = YES;
				CLANG_WARN_EMPTY_BODY = YES;
				CLANG_WARN_ENUM_CONVERSION = YES;
				CLANG_WARN_INFINITE_RECURSION = YES;
				CLANG_WARN_INT_CONVERSION = YES;
				CLANG_WARN_OBJC_ROOT_CLASS = YES_ERROR;
				CLANG_WARN_SUSPICIOUS_MOVES = YES;
				CLANG_WARN_UNREACHABLE_CODE = YES;
				CLANG_WARN__DUPLICATE_METHOD_MATCH = YES;
				"CODE_SIGN_IDENTITY[sdk=iphoneos*]" = "iPhone Developer";
				COPY_PHASE_STRIP = NO;
				DEBUG_INFORMATION_FORMAT = dwarf;
				ENABLE_STRICT_OBJC_MSGSEND = YES;
				ENABLE_TESTABILITY = YES;
				GCC_C_LANGUAGE_STANDARD = gnu99;
				GCC_DYNAMIC_NO_PIC = NO;
				GCC_NO_COMMON_BLOCKS = YES;
				GCC_OPTIMIZATION_LEVEL = 0;
				GCC_PREPROCESSOR_DEFINITIONS = (
					"DEBUG=1",
					"$(inherited)",
				);
				GCC_WARN_64_TO_32_BIT_CONVERSION = YES;
				GCC_WARN_ABOUT_RETURN_TYPE = YES_ERROR;
				GCC_WARN_UNDECLARED_SELECTOR = YES;
				GCC_WARN_UNINITIALIZED_AUTOS = YES_AGGRESSIVE;
				GCC_WARN_UNUSED_FUNCTION = YES;
				GCC_WARN_UNUSED_VARIABLE = YES;
				IPHONEOS_DEPLOYMENT_TARGET = 10.0;
				MTL_ENABLE_DEBUG_INFO = YES;
				ONLY_ACTIVE_ARCH = YES;
				SDKROOT = iphoneos;
				TARGETED_DEVICE_FAMILY = "1,2";
			};
			name = Debug;
		};
		09BA338B1E77DF8300F9302B /* Release */ = {
			isa = XCBuildConfiguration;
			buildSettings = {
				ALWAYS_SEARCH_USER_PATHS = NO;
				CLANG_ANALYZER_NONNULL = YES;
				CLANG_CXX_LANGUAGE_STANDARD = "gnu++0x";
				CLANG_CXX_LIBRARY = "libc++";
				CLANG_ENABLE_MODULES = YES;
				CLANG_ENABLE_OBJC_ARC = YES;
				CLANG_WARN_BOOL_CONVERSION = YES;
				CLANG_WARN_CONSTANT_CONVERSION = YES;
				CLANG_WARN_DIRECT_OBJC_ISA_USAGE = YES_ERROR;
				CLANG_WARN_DOCUMENTATION_COMMENTS = YES;
				CLANG_WARN_EMPTY_BODY = YES;
				CLANG_WARN_ENUM_CONVERSION = YES;
				CLANG_WARN_INFINITE_RECURSION = YES;
				CLANG_WARN_INT_CONVERSION = YES;
				CLANG_WARN_OBJC_ROOT_CLASS = YES_ERROR;
				CLANG_WARN_SUSPICIOUS_MOVES = YES;
				CLANG_WARN_UNREACHABLE_CODE = YES;
				CLANG_WARN__DUPLICATE_METHOD_MATCH = YES;
				"CODE_SIGN_IDENTITY[sdk=iphoneos*]" = "iPhone Developer";
				COPY_PHASE_STRIP = NO;
				DEBUG_INFORMATION_FORMAT = "dwarf-with-dsym";
				ENABLE_NS_ASSERTIONS = NO;
				ENABLE_STRICT_OBJC_MSGSEND = YES;
				GCC_C_LANGUAGE_STANDARD = gnu99;
				GCC_NO_COMMON_BLOCKS = YES;
				GCC_WARN_64_TO_32_BIT_CONVERSION = YES;
				GCC_WARN_ABOUT_RETURN_TYPE = YES_ERROR;
				GCC_WARN_UNDECLARED_SELECTOR = YES;
				GCC_WARN_UNINITIALIZED_AUTOS = YES_AGGRESSIVE;
				GCC_WARN_UNUSED_FUNCTION = YES;
				GCC_WARN_UNUSED_VARIABLE = YES;
				IPHONEOS_DEPLOYMENT_TARGET = 10.0;
				MTL_ENABLE_DEBUG_INFO = NO;
				SDKROOT = iphoneos;
				TARGETED_DEVICE_FAMILY = "1,2";
				VALIDATE_PRODUCT = YES;
			};
			name = Release;
		};
		09BA338D1E77DF8300F9302B /* Debug */ = {
			isa = XCBuildConfiguration;
			buildSettings = {
				ASSETCATALOG_COMPILER_APPICON_NAME = AppIcon;
				INFOPLIST_FILE = NavegadorWebEnNuestraAPP/Info.plist;
				LD_RUNPATH_SEARCH_PATHS = "$(inherited) @executable_path/Frameworks";
				PRODUCT_BUNDLE_IDENTIFIER = com.scriptingsystems.NavegadorWebEnNuestraAPP;
				PRODUCT_NAME = "$(TARGET_NAME)";
			};
			name = Debug;
		};
		09BA338E1E77DF8300F9302B /* Release */ = {
			isa = XCBuildConfiguration;
			buildSettings = {
				ASSETCATALOG_COMPILER_APPICON_NAME = AppIcon;
				INFOPLIST_FILE = NavegadorWebEnNuestraAPP/Info.plist;
				LD_RUNPATH_SEARCH_PATHS = "$(inherited) @executable_path/Frameworks";
				PRODUCT_BUNDLE_IDENTIFIER = com.scriptingsystems.NavegadorWebEnNuestraAPP;
				PRODUCT_NAME = "$(TARGET_NAME)";
			};
			name = Release;
		};
/* End XCBuildConfiguration section */

/* Begin XCConfigurationList section */
		09BA336D1E77DF8300F9302B /* Build configuration list for PBXProject "NavegadorWebEnNuestraAPP" */ = {
			isa = XCConfigurationList;
			buildConfigurations = (
				09BA338A1E77DF8300F9302B /* Debug */,
				09BA338B1E77DF8300F9302B /* Release */,
			);
			defaultConfigurationIsVisible = 0;
			defaultConfigurationName = Release;
		};
		09BA338C1E77DF8300F9302B /* Build configuration list for PBXNativeTarget "NavegadorWebEnNuestraAPP" */ = {
			isa = XCConfigurationList;
			buildConfigurations = (
				09BA338D1E77DF8300F9302B /* Debug */,
				09BA338E1E77DF8300F9302B /* Release */,
			);
			defaultConfigurationIsVisible = 0;
		};
/* End XCConfigurationList section */

/* Begin XCVersionGroup section */
		09BA33811E77DF8300F9302B /* NavegadorWebEnNuestraAPP.xcdatamodeld */ = {
			isa = XCVersionGroup;
			children = (
				09BA33821E77DF8300F9302B /* NavegadorWebEnNuestraAPP.xcdatamodel */,
			);
			currentVersion = 09BA33821E77DF8300F9302B /* NavegadorWebEnNuestraAPP.xcdatamodel */;
			path = NavegadorWebEnNuestraAPP.xcdatamodeld;
			sourceTree = "<group>";
			versionGroupType = wrapper.xcdatamodel;
		};
/* End XCVersionGroup section */
	};
	rootObject = 09BA336A1E77DF8300F9302B /* Project object */;
}
