// !$*UTF8*$!
{
	archiveVersion = 1;
	classes = {
	};
	objectVersion = 46;
	objects = {

/* Begin PBXBuildFile section */
		091DBB531E65A585005B179C /* main.m in Sources */ = {isa = PBXBuildFile; fileRef = 091DBB521E65A585005B179C /* main.m */; };
		091DBB561E65A585005B179C /* AppDelegate.m in Sources */ = {isa = PBXBuildFile; fileRef = 091DBB551E65A585005B179C /* AppDelegate.m */; };
		091DBB591E65A585005B179C /* ViewController.m in Sources */ = {isa = PBXBuildFile; fileRef = 091DBB581E65A585005B179C /* ViewController.m */; };
		091DBB5C1E65A585005B179C /* Main.storyboard in Resources */ = {isa = PBXBuildFile; fileRef = 091DBB5A1E65A585005B179C /* Main.storyboard */; };
		091DBB5E1E65A585005B179C /* Assets.xcassets in Resources */ = {isa = PBXBuildFile; fileRef = 091DBB5D1E65A585005B179C /* Assets.xcassets */; };
		091DBB611E65A585005B179C /* LaunchScreen.storyboard in Resources */ = {isa = PBXBuildFile; fileRef = 091DBB5F1E65A585005B179C /* LaunchScreen.storyboard */; };
		091DBB6A1E65A59E005B179C /* ListaUsuariosTableViewController.m in Sources */ = {isa = PBXBuildFile; fileRef = 091DBB691E65A59E005B179C /* ListaUsuariosTableViewController.m */; };
		091DBB6D1E65A771005B179C /* AnyadirUsuarioViewController.m in Sources */ = {isa = PBXBuildFile; fileRef = 091DBB6C1E65A771005B179C /* AnyadirUsuarioViewController.m */; };
/* End PBXBuildFile section */

/* Begin PBXFileReference section */
		091DBB4E1E65A585005B179C /* ListaUsuariosTablaDinamica.app */ = {isa = PBXFileReference; explicitFileType = wrapper.application; includeInIndex = 0; path = ListaUsuariosTablaDinamica.app; sourceTree = BUILT_PRODUCTS_DIR; };
		091DBB521E65A585005B179C /* main.m */ = {isa = PBXFileReference; lastKnownFileType = sourcecode.c.objc; path = main.m; sourceTree = "<group>"; };
		091DBB541E65A585005B179C /* AppDelegate.h */ = {isa = PBXFileReference; lastKnownFileType = sourcecode.c.h; path = AppDelegate.h; sourceTree = "<group>"; };
		091DBB551E65A585005B179C /* AppDelegate.m */ = {isa = PBXFileReference; lastKnownFileType = sourcecode.c.objc; path = AppDelegate.m; sourceTree = "<group>"; };
		091DBB571E65A585005B179C /* ViewController.h */ = {isa = PBXFileReference; lastKnownFileType = sourcecode.c.h; path = ViewController.h; sourceTree = "<group>"; };
		091DBB581E65A585005B179C /* ViewController.m */ = {isa = PBXFileReference; lastKnownFileType = sourcecode.c.objc; path = ViewController.m; sourceTree = "<group>"; };
		091DBB5B1E65A585005B179C /* Base */ = {isa = PBXFileReference; lastKnownFileType = file.storyboard; name = Base; path = Base.lproj/Main.storyboard; sourceTree = "<group>"; };
		091DBB5D1E65A585005B179C /* Assets.xcassets */ = {isa = PBXFileReference; lastKnownFileType = folder.assetcatalog; path = Assets.xcassets; sourceTree = "<group>"; };
		091DBB601E65A585005B179C /* Base */ = {isa = PBXFileReference; lastKnownFileType = file.storyboard; name = Base; path = Base.lproj/LaunchScreen.storyboard; sourceTree = "<group>"; };
		091DBB621E65A585005B179C /* Info.plist */ = {isa = PBXFileReference; lastKnownFileType = text.plist.xml; path = Info.plist; sourceTree = "<group>"; };
		091DBB681E65A59E005B179C /* ListaUsuariosTableViewController.h */ = {isa = PBXFileReference; fileEncoding = 4; lastKnownFileType = sourcecode.c.h; path = ListaUsuariosTableViewController.h; sourceTree = "<group>"; };
		091DBB691E65A59E005B179C /* ListaUsuariosTableViewController.m */ = {isa = PBXFileReference; fileEncoding = 4; lastKnownFileType = sourcecode.c.objc; path = ListaUsuariosTableViewController.m; sourceTree = "<group>"; };
		091DBB6B1E65A771005B179C /* AnyadirUsuarioViewController.h */ = {isa = PBXFileReference; fileEncoding = 4; lastKnownFileType = sourcecode.c.h; path = AnyadirUsuarioViewController.h; sourceTree = "<group>"; };
		091DBB6C1E65A771005B179C /* AnyadirUsuarioViewController.m */ = {isa = PBXFileReference; fileEncoding = 4; lastKnownFileType = sourcecode.c.objc; path = AnyadirUsuarioViewController.m; sourceTree = "<group>"; };
/* End PBXFileReference section */

/* Begin PBXFrameworksBuildPhase section */
		091DBB4B1E65A585005B179C /* Frameworks */ = {
			isa = PBXFrameworksBuildPhase;
			buildActionMask = 2147483647;
			files = (
			);
			runOnlyForDeploymentPostprocessing = 0;
		};
/* End PBXFrameworksBuildPhase section */

/* Begin PBXGroup section */
		091DBB451E65A585005B179C = {
			isa = PBXGroup;
			children = (
				091DBB501E65A585005B179C /* ListaUsuariosTablaDinamica */,
				091DBB4F1E65A585005B179C /* Products */,
			);
			sourceTree = "<group>";
		};
		091DBB4F1E65A585005B179C /* Products */ = {
			isa = PBXGroup;
			children = (
				091DBB4E1E65A585005B179C /* ListaUsuariosTablaDinamica.app */,
			);
			name = Products;
			sourceTree = "<group>";
		};
		091DBB501E65A585005B179C /* ListaUsuariosTablaDinamica */ = {
			isa = PBXGroup;
			children = (
				091DBB541E65A585005B179C /* AppDelegate.h */,
				091DBB551E65A585005B179C /* AppDelegate.m */,
				091DBB571E65A585005B179C /* ViewController.h */,
				091DBB581E65A585005B179C /* ViewController.m */,
				091DBB5A1E65A585005B179C /* Main.storyboard */,
				091DBB6B1E65A771005B179C /* AnyadirUsuarioViewController.h */,
				091DBB6C1E65A771005B179C /* AnyadirUsuarioViewController.m */,
				091DBB681E65A59E005B179C /* ListaUsuariosTableViewController.h */,
				091DBB691E65A59E005B179C /* ListaUsuariosTableViewController.m */,
				091DBB5D1E65A585005B179C /* Assets.xcassets */,
				091DBB5F1E65A585005B179C /* LaunchScreen.storyboard */,
				091DBB621E65A585005B179C /* Info.plist */,
				091DBB511E65A585005B179C /* Supporting Files */,
			);
			path = ListaUsuariosTablaDinamica;
			sourceTree = "<group>";
		};
		091DBB511E65A585005B179C /* Supporting Files */ = {
			isa = PBXGroup;
			children = (
				091DBB521E65A585005B179C /* main.m */,
			);
			name = "Supporting Files";
			sourceTree = "<group>";
		};
/* End PBXGroup section */

/* Begin PBXNativeTarget section */
		091DBB4D1E65A585005B179C /* ListaUsuariosTablaDinamica */ = {
			isa = PBXNativeTarget;
			buildConfigurationList = 091DBB651E65A585005B179C /* Build configuration list for PBXNativeTarget "ListaUsuariosTablaDinamica" */;
			buildPhases = (
				091DBB4A1E65A585005B179C /* Sources */,
				091DBB4B1E65A585005B179C /* Frameworks */,
				091DBB4C1E65A585005B179C /* Resources */,
			);
			buildRules = (
			);
			dependencies = (
			);
			name = ListaUsuariosTablaDinamica;
			productName = ListaUsuariosTablaDinamica;
			productReference = 091DBB4E1E65A585005B179C /* ListaUsuariosTablaDinamica.app */;
			productType = "com.apple.product-type.application";
		};
/* End PBXNativeTarget section */

/* Begin PBXProject section */
		091DBB461E65A585005B179C /* Project object */ = {
			isa = PBXProject;
			attributes = {
				LastUpgradeCheck = 0800;
				ORGANIZATIONNAME = scriptingsystems;
				TargetAttributes = {
					091DBB4D1E65A585005B179C = {
						CreatedOnToolsVersion = 8.0;
						ProvisioningStyle = Automatic;
					};
				};
			};
			buildConfigurationList = 091DBB491E65A585005B179C /* Build configuration list for PBXProject "ListaUsuariosTablaDinamica" */;
			compatibilityVersion = "Xcode 3.2";
			developmentRegion = English;
			hasScannedForEncodings = 0;
			knownRegions = (
				en,
				Base,
			);
			mainGroup = 091DBB451E65A585005B179C;
			productRefGroup = 091DBB4F1E65A585005B179C /* Products */;
			projectDirPath = "";
			projectRoot = "";
			targets = (
				091DBB4D1E65A585005B179C /* ListaUsuariosTablaDinamica */,
			);
		};
/* End PBXProject section */

/* Begin PBXResourcesBuildPhase section */
		091DBB4C1E65A585005B179C /* Resources */ = {
			isa = PBXResourcesBuildPhase;
			buildActionMask = 2147483647;
			files = (
				091DBB611E65A585005B179C /* LaunchScreen.storyboard in Resources */,
				091DBB5E1E65A585005B179C /* Assets.xcassets in Resources */,
				091DBB5C1E65A585005B179C /* Main.storyboard in Resources */,
			);
			runOnlyForDeploymentPostprocessing = 0;
		};
/* End PBXResourcesBuildPhase section */

/* Begin PBXSourcesBuildPhase section */
		091DBB4A1E65A585005B179C /* Sources */ = {
			isa = PBXSourcesBuildPhase;
			buildActionMask = 2147483647;
			files = (
				091DBB6A1E65A59E005B179C /* ListaUsuariosTableViewController.m in Sources */,
				091DBB591E65A585005B179C /* ViewController.m in Sources */,
				091DBB561E65A585005B179C /* AppDelegate.m in Sources */,
				091DBB6D1E65A771005B179C /* AnyadirUsuarioViewController.m in Sources */,
				091DBB531E65A585005B179C /* main.m in Sources */,
			);
			runOnlyForDeploymentPostprocessing = 0;
		};
/* End PBXSourcesBuildPhase section */

/* Begin PBXVariantGroup section */
		091DBB5A1E65A585005B179C /* Main.storyboard */ = {
			isa = PBXVariantGroup;
			children = (
				091DBB5B1E65A585005B179C /* Base */,
			);
			name = Main.storyboard;
			sourceTree = "<group>";
		};
		091DBB5F1E65A585005B179C /* LaunchScreen.storyboard */ = {
			isa = PBXVariantGroup;
			children = (
				091DBB601E65A585005B179C /* Base */,
			);
			name = LaunchScreen.storyboard;
			sourceTree = "<group>";
		};
/* End PBXVariantGroup section */

/* Begin XCBuildConfiguration section */
		091DBB631E65A585005B179C /* Debug */ = {
			isa = XCBuildConfiguration;
			buildSettings = {
				ALWAYS_SEARCH_USER_PATHS = NO;
				CLANG_ANALYZER_NONNULL = YES;
				CLANG_CXX_LANGUAGE_STANDARD = "gnu++0x";
				CLANG_CXX_LIBRARY = "libc++";
				CLANG_ENABLE_MODULES = YES;
				CLANG_ENABLE_OBJC_ARC = YES;
				CLANG_WARN_BOOL_CONVERSION = YES;
				CLANG_WARN_CONSTANT_CONVERSION = YES;
				CLANG_WARN_DIRECT_OBJC_ISA_USAGE = YES_ERROR;
				CLANG_WARN_DOCUMENTATION_COMMENTS = YES;
				CLANG_WARN_EMPTY_BODY = YES;
				CLANG_WARN_ENUM_CONVERSION = YES;
				CLANG_WARN_INFINITE_RECURSION = YES;
				CLANG_WARN_INT_CONVERSION = YES;
				CLANG_WARN_OBJC_ROOT_CLASS = YES_ERROR;
				CLANG_WARN_SUSPICIOUS_MOVES = YES;
				CLANG_WARN_UNREACHABLE_CODE = YES;
				CLANG_WARN__DUPLICATE_METHOD_MATCH = YES;
				"CODE_SIGN_IDENTITY[sdk=iphoneos*]" = "iPhone Developer";
				COPY_PHASE_STRIP = NO;
				DEBUG_INFORMATION_FORMAT = dwarf;
				ENABLE_STRICT_OBJC_MSGSEND = YES;
				ENABLE_TESTABILITY = YES;
				GCC_C_LANGUAGE_STANDARD = gnu99;
				GCC_DYNAMIC_NO_PIC = NO;
				GCC_NO_COMMON_BLOCKS = YES;
				GCC_OPTIMIZATION_LEVEL = 0;
				GCC_PREPROCESSOR_DEFINITIONS = (
					"DEBUG=1",
					"$(inherited)",
				);
				GCC_WARN_64_TO_32_BIT_CONVERSION = YES;
				GCC_WARN_ABOUT_RETURN_TYPE = YES_ERROR;
				GCC_WARN_UNDECLARED_SELECTOR = YES;
				GCC_WARN_UNINITIALIZED_AUTOS = YES_AGGRESSIVE;
				GCC_WARN_UNUSED_FUNCTION = YES;
				GCC_WARN_UNUSED_VARIABLE = YES;
				IPHONEOS_DEPLOYMENT_TARGET = 10.0;
				MTL_ENABLE_DEBUG_INFO = YES;
				ONLY_ACTIVE_ARCH = YES;
				SDKROOT = iphoneos;
				TARGETED_DEVICE_FAMILY = "1,2";
			};
			name = Debug;
		};
		091DBB641E65A585005B179C /* Release */ = {
			isa = XCBuildConfiguration;
			buildSettings = {
				ALWAYS_SEARCH_USER_PATHS = NO;
				CLANG_ANALYZER_NONNULL = YES;
				CLANG_CXX_LANGUAGE_STANDARD = "gnu++0x";
				CLANG_CXX_LIBRARY = "libc++";
				CLANG_ENABLE_MODULES = YES;
				CLANG_ENABLE_OBJC_ARC = YES;
				CLANG_WARN_BOOL_CONVERSION = YES;
				CLANG_WARN_CONSTANT_CONVERSION = YES;
				CLANG_WARN_DIRECT_OBJC_ISA_USAGE = YES_ERROR;
				CLANG_WARN_DOCUMENTATION_COMMENTS = YES;
				CLANG_WARN_EMPTY_BODY = YES;
				CLANG_WARN_ENUM_CONVERSION = YES;
				CLANG_WARN_INFINITE_RECURSION = YES;
				CLANG_WARN_INT_CONVERSION = YES;
				CLANG_WARN_OBJC_ROOT_CLASS = YES_ERROR;
				CLANG_WARN_SUSPICIOUS_MOVES = YES;
				CLANG_WARN_UNREACHABLE_CODE = YES;
				CLANG_WARN__DUPLICATE_METHOD_MATCH = YES;
				"CODE_SIGN_IDENTITY[sdk=iphoneos*]" = "iPhone Developer";
				COPY_PHASE_STRIP = NO;
				DEBUG_INFORMATION_FORMAT = "dwarf-with-dsym";
				ENABLE_NS_ASSERTIONS = NO;
				ENABLE_STRICT_OBJC_MSGSEND = YES;
				GCC_C_LANGUAGE_STANDARD = gnu99;
				GCC_NO_COMMON_BLOCKS = YES;
				GCC_WARN_64_TO_32_BIT_CONVERSION = YES;
				GCC_WARN_ABOUT_RETURN_TYPE = YES_ERROR;
				GCC_WARN_UNDECLARED_SELECTOR = YES;
				GCC_WARN_UNINITIALIZED_AUTOS = YES_AGGRESSIVE;
				GCC_WARN_UNUSED_FUNCTION = YES;
				GCC_WARN_UNUSED_VARIABLE = YES;
				IPHONEOS_DEPLOYMENT_TARGET = 10.0;
				MTL_ENABLE_DEBUG_INFO = NO;
				SDKROOT = iphoneos;
				TARGETED_DEVICE_FAMILY = "1,2";
				VALIDATE_PRODUCT = YES;
			};
			name = Release;
		};
		091DBB661E65A585005B179C /* Debug */ = {
			isa = XCBuildConfiguration;
			buildSettings = {
				ASSETCATALOG_COMPILER_APPICON_NAME = AppIcon;
				INFOPLIST_FILE = ListaUsuariosTablaDinamica/Info.plist;
				LD_RUNPATH_SEARCH_PATHS = "$(inherited) @executable_path/Frameworks";
				PRODUCT_BUNDLE_IDENTIFIER = com.scriptingsystems.ListaUsuariosTablaDinamica;
				PRODUCT_NAME = "$(TARGET_NAME)";
			};
			name = Debug;
		};
		091DBB671E65A585005B179C /* Release */ = {
			isa = XCBuildConfiguration;
			buildSettings = {
				ASSETCATALOG_COMPILER_APPICON_NAME = AppIcon;
				INFOPLIST_FILE = ListaUsuariosTablaDinamica/Info.plist;
				LD_RUNPATH_SEARCH_PATHS = "$(inherited) @executable_path/Frameworks";
				PRODUCT_BUNDLE_IDENTIFIER = com.scriptingsystems.ListaUsuariosTablaDinamica;
				PRODUCT_NAME = "$(TARGET_NAME)";
			};
			name = Release;
		};
/* End XCBuildConfiguration section */

/* Begin XCConfigurationList section */
		091DBB491E65A585005B179C /* Build configuration list for PBXProject "ListaUsuariosTablaDinamica" */ = {
			isa = XCConfigurationList;
			buildConfigurations = (
				091DBB631E65A585005B179C /* Debug */,
				091DBB641E65A585005B179C /* Release */,
			);
			defaultConfigurationIsVisible = 0;
			defaultConfigurationName = Release;
		};
		091DBB651E65A585005B179C /* Build configuration list for PBXNativeTarget "ListaUsuariosTablaDinamica" */ = {
			isa = XCConfigurationList;
			buildConfigurations = (
				091DBB661E65A585005B179C /* Debug */,
				091DBB671E65A585005B179C /* Release */,
			);
			defaultConfigurationIsVisible = 0;
		};
/* End XCConfigurationList section */
	};
	rootObject = 091DBB461E65A585005B179C /* Project object */;
}
