// !$*UTF8*$!
{
	archiveVersion = 1;
	classes = {
	};
	objectVersion = 46;
	objects = {

/* Begin PBXBuildFile section */
		091DBB2A1E6599AD005B179C /* main.m in Sources */ = {isa = PBXBuildFile; fileRef = 091DBB291E6599AD005B179C /* main.m */; };
		091DBB2D1E6599AD005B179C /* AppDelegate.m in Sources */ = {isa = PBXBuildFile; fileRef = 091DBB2C1E6599AD005B179C /* AppDelegate.m */; };
		091DBB301E6599AD005B179C /* ViewController.m in Sources */ = {isa = PBXBuildFile; fileRef = 091DBB2F1E6599AD005B179C /* ViewController.m */; };
		091DBB331E6599AD005B179C /* Main.storyboard in Resources */ = {isa = PBXBuildFile; fileRef = 091DBB311E6599AD005B179C /* Main.storyboard */; };
		091DBB351E6599AD005B179C /* Assets.xcassets in Resources */ = {isa = PBXBuildFile; fileRef = 091DBB341E6599AD005B179C /* Assets.xcassets */; };
		091DBB381E6599AD005B179C /* LaunchScreen.storyboard in Resources */ = {isa = PBXBuildFile; fileRef = 091DBB361E6599AD005B179C /* LaunchScreen.storyboard */; };
		091DBB411E6599CF005B179C /* ListaUsuariosTableViewController.m in Sources */ = {isa = PBXBuildFile; fileRef = 091DBB401E6599CF005B179C /* ListaUsuariosTableViewController.m */; };
		091DBB441E659A32005B179C /* AnyadirUsuarioViewController.m in Sources */ = {isa = PBXBuildFile; fileRef = 091DBB431E659A32005B179C /* AnyadirUsuarioViewController.m */; };
/* End PBXBuildFile section */

/* Begin PBXFileReference section */
		091DBB251E6599AD005B179C /* ListaTablas.app */ = {isa = PBXFileReference; explicitFileType = wrapper.application; includeInIndex = 0; path = ListaTablas.app; sourceTree = BUILT_PRODUCTS_DIR; };
		091DBB291E6599AD005B179C /* main.m */ = {isa = PBXFileReference; lastKnownFileType = sourcecode.c.objc; path = main.m; sourceTree = "<group>"; };
		091DBB2B1E6599AD005B179C /* AppDelegate.h */ = {isa = PBXFileReference; lastKnownFileType = sourcecode.c.h; path = AppDelegate.h; sourceTree = "<group>"; };
		091DBB2C1E6599AD005B179C /* AppDelegate.m */ = {isa = PBXFileReference; lastKnownFileType = sourcecode.c.objc; path = AppDelegate.m; sourceTree = "<group>"; };
		091DBB2E1E6599AD005B179C /* ViewController.h */ = {isa = PBXFileReference; lastKnownFileType = sourcecode.c.h; path = ViewController.h; sourceTree = "<group>"; };
		091DBB2F1E6599AD005B179C /* ViewController.m */ = {isa = PBXFileReference; lastKnownFileType = sourcecode.c.objc; path = ViewController.m; sourceTree = "<group>"; };
		091DBB321E6599AD005B179C /* Base */ = {isa = PBXFileReference; lastKnownFileType = file.storyboard; name = Base; path = Base.lproj/Main.storyboard; sourceTree = "<group>"; };
		091DBB341E6599AD005B179C /* Assets.xcassets */ = {isa = PBXFileReference; lastKnownFileType = folder.assetcatalog; path = Assets.xcassets; sourceTree = "<group>"; };
		091DBB371E6599AD005B179C /* Base */ = {isa = PBXFileReference; lastKnownFileType = file.storyboard; name = Base; path = Base.lproj/LaunchScreen.storyboard; sourceTree = "<group>"; };
		091DBB391E6599AD005B179C /* Info.plist */ = {isa = PBXFileReference; lastKnownFileType = text.plist.xml; path = Info.plist; sourceTree = "<group>"; };
		091DBB3F1E6599CF005B179C /* ListaUsuariosTableViewController.h */ = {isa = PBXFileReference; fileEncoding = 4; lastKnownFileType = sourcecode.c.h; path = ListaUsuariosTableViewController.h; sourceTree = "<group>"; };
		091DBB401E6599CF005B179C /* ListaUsuariosTableViewController.m */ = {isa = PBXFileReference; fileEncoding = 4; lastKnownFileType = sourcecode.c.objc; path = ListaUsuariosTableViewController.m; sourceTree = "<group>"; };
		091DBB421E659A32005B179C /* AnyadirUsuarioViewController.h */ = {isa = PBXFileReference; fileEncoding = 4; lastKnownFileType = sourcecode.c.h; path = AnyadirUsuarioViewController.h; sourceTree = "<group>"; };
		091DBB431E659A32005B179C /* AnyadirUsuarioViewController.m */ = {isa = PBXFileReference; fileEncoding = 4; lastKnownFileType = sourcecode.c.objc; path = AnyadirUsuarioViewController.m; sourceTree = "<group>"; };
/* End PBXFileReference section */

/* Begin PBXFrameworksBuildPhase section */
		091DBB221E6599AD005B179C /* Frameworks */ = {
			isa = PBXFrameworksBuildPhase;
			buildActionMask = 2147483647;
			files = (
			);
			runOnlyForDeploymentPostprocessing = 0;
		};
/* End PBXFrameworksBuildPhase section */

/* Begin PBXGroup section */
		091DBB1C1E6599AD005B179C = {
			isa = PBXGroup;
			children = (
				091DBB271E6599AD005B179C /* ListaTablas */,
				091DBB261E6599AD005B179C /* Products */,
			);
			sourceTree = "<group>";
		};
		091DBB261E6599AD005B179C /* Products */ = {
			isa = PBXGroup;
			children = (
				091DBB251E6599AD005B179C /* ListaTablas.app */,
			);
			name = Products;
			sourceTree = "<group>";
		};
		091DBB271E6599AD005B179C /* ListaTablas */ = {
			isa = PBXGroup;
			children = (
				091DBB2B1E6599AD005B179C /* AppDelegate.h */,
				091DBB2C1E6599AD005B179C /* AppDelegate.m */,
				091DBB2E1E6599AD005B179C /* ViewController.h */,
				091DBB2F1E6599AD005B179C /* ViewController.m */,
				091DBB311E6599AD005B179C /* Main.storyboard */,
				091DBB421E659A32005B179C /* AnyadirUsuarioViewController.h */,
				091DBB431E659A32005B179C /* AnyadirUsuarioViewController.m */,
				091DBB3F1E6599CF005B179C /* ListaUsuariosTableViewController.h */,
				091DBB401E6599CF005B179C /* ListaUsuariosTableViewController.m */,
				091DBB341E6599AD005B179C /* Assets.xcassets */,
				091DBB361E6599AD005B179C /* LaunchScreen.storyboard */,
				091DBB391E6599AD005B179C /* Info.plist */,
				091DBB281E6599AD005B179C /* Supporting Files */,
			);
			path = ListaTablas;
			sourceTree = "<group>";
		};
		091DBB281E6599AD005B179C /* Supporting Files */ = {
			isa = PBXGroup;
			children = (
				091DBB291E6599AD005B179C /* main.m */,
			);
			name = "Supporting Files";
			sourceTree = "<group>";
		};
/* End PBXGroup section */

/* Begin PBXNativeTarget section */
		091DBB241E6599AD005B179C /* ListaTablas */ = {
			isa = PBXNativeTarget;
			buildConfigurationList = 091DBB3C1E6599AD005B179C /* Build configuration list for PBXNativeTarget "ListaTablas" */;
			buildPhases = (
				091DBB211E6599AD005B179C /* Sources */,
				091DBB221E6599AD005B179C /* Frameworks */,
				091DBB231E6599AD005B179C /* Resources */,
			);
			buildRules = (
			);
			dependencies = (
			);
			name = ListaTablas;
			productName = ListaTablas;
			productReference = 091DBB251E6599AD005B179C /* ListaTablas.app */;
			productType = "com.apple.product-type.application";
		};
/* End PBXNativeTarget section */

/* Begin PBXProject section */
		091DBB1D1E6599AD005B179C /* Project object */ = {
			isa = PBXProject;
			attributes = {
				LastUpgradeCheck = 0800;
				ORGANIZATIONNAME = scriptingsystems;
				TargetAttributes = {
					091DBB241E6599AD005B179C = {
						CreatedOnToolsVersion = 8.0;
						ProvisioningStyle = Automatic;
					};
				};
			};
			buildConfigurationList = 091DBB201E6599AD005B179C /* Build configuration list for PBXProject "ListaTablas" */;
			compatibilityVersion = "Xcode 3.2";
			developmentRegion = English;
			hasScannedForEncodings = 0;
			knownRegions = (
				en,
				Base,
			);
			mainGroup = 091DBB1C1E6599AD005B179C;
			productRefGroup = 091DBB261E6599AD005B179C /* Products */;
			projectDirPath = "";
			projectRoot = "";
			targets = (
				091DBB241E6599AD005B179C /* ListaTablas */,
			);
		};
/* End PBXProject section */

/* Begin PBXResourcesBuildPhase section */
		091DBB231E6599AD005B179C /* Resources */ = {
			isa = PBXResourcesBuildPhase;
			buildActionMask = 2147483647;
			files = (
				091DBB381E6599AD005B179C /* LaunchScreen.storyboard in Resources */,
				091DBB351E6599AD005B179C /* Assets.xcassets in Resources */,
				091DBB331E6599AD005B179C /* Main.storyboard in Resources */,
			);
			runOnlyForDeploymentPostprocessing = 0;
		};
/* End PBXResourcesBuildPhase section */

/* Begin PBXSourcesBuildPhase section */
		091DBB211E6599AD005B179C /* Sources */ = {
			isa = PBXSourcesBuildPhase;
			buildActionMask = 2147483647;
			files = (
				091DBB411E6599CF005B179C /* ListaUsuariosTableViewController.m in Sources */,
				091DBB301E6599AD005B179C /* ViewController.m in Sources */,
				091DBB2D1E6599AD005B179C /* AppDelegate.m in Sources */,
				091DBB441E659A32005B179C /* AnyadirUsuarioViewController.m in Sources */,
				091DBB2A1E6599AD005B179C /* main.m in Sources */,
			);
			runOnlyForDeploymentPostprocessing = 0;
		};
/* End PBXSourcesBuildPhase section */

/* Begin PBXVariantGroup section */
		091DBB311E6599AD005B179C /* Main.storyboard */ = {
			isa = PBXVariantGroup;
			children = (
				091DBB321E6599AD005B179C /* Base */,
			);
			name = Main.storyboard;
			sourceTree = "<group>";
		};
		091DBB361E6599AD005B179C /* LaunchScreen.storyboard */ = {
			isa = PBXVariantGroup;
			children = (
				091DBB371E6599AD005B179C /* Base */,
			);
			name = LaunchScreen.storyboard;
			sourceTree = "<group>";
		};
/* End PBXVariantGroup section */

/* Begin XCBuildConfiguration section */
		091DBB3A1E6599AD005B179C /* Debug */ = {
			isa = XCBuildConfiguration;
			buildSettings = {
				ALWAYS_SEARCH_USER_PATHS = NO;
				CLANG_ANALYZER_NONNULL = YES;
				CLANG_CXX_LANGUAGE_STANDARD = "gnu++0x";
				CLANG_CXX_LIBRARY = "libc++";
				CLANG_ENABLE_MODULES = YES;
				CLANG_ENABLE_OBJC_ARC = YES;
				CLANG_WARN_BOOL_CONVERSION = YES;
				CLANG_WARN_CONSTANT_CONVERSION = YES;
				CLANG_WARN_DIRECT_OBJC_ISA_USAGE = YES_ERROR;
				CLANG_WARN_DOCUMENTATION_COMMENTS = YES;
				CLANG_WARN_EMPTY_BODY = YES;
				CLANG_WARN_ENUM_CONVERSION = YES;
				CLANG_WARN_INFINITE_RECURSION = YES;
				CLANG_WARN_INT_CONVERSION = YES;
				CLANG_WARN_OBJC_ROOT_CLASS = YES_ERROR;
				CLANG_WARN_SUSPICIOUS_MOVES = YES;
				CLANG_WARN_UNREACHABLE_CODE = YES;
				CLANG_WARN__DUPLICATE_METHOD_MATCH = YES;
				"CODE_SIGN_IDENTITY[sdk=iphoneos*]" = "iPhone Developer";
				COPY_PHASE_STRIP = NO;
				DEBUG_INFORMATION_FORMAT = dwarf;
				ENABLE_STRICT_OBJC_MSGSEND = YES;
				ENABLE_TESTABILITY = YES;
				GCC_C_LANGUAGE_STANDARD = gnu99;
				GCC_DYNAMIC_NO_PIC = NO;
				GCC_NO_COMMON_BLOCKS = YES;
				GCC_OPTIMIZATION_LEVEL = 0;
				GCC_PREPROCESSOR_DEFINITIONS = (
					"DEBUG=1",
					"$(inherited)",
				);
				GCC_WARN_64_TO_32_BIT_CONVERSION = YES;
				GCC_WARN_ABOUT_RETURN_TYPE = YES_ERROR;
				GCC_WARN_UNDECLARED_SELECTOR = YES;
				GCC_WARN_UNINITIALIZED_AUTOS = YES_AGGRESSIVE;
				GCC_WARN_UNUSED_FUNCTION = YES;
				GCC_WARN_UNUSED_VARIABLE = YES;
				IPHONEOS_DEPLOYMENT_TARGET = 10.0;
				MTL_ENABLE_DEBUG_INFO = YES;
				ONLY_ACTIVE_ARCH = YES;
				SDKROOT = iphoneos;
				TARGETED_DEVICE_FAMILY = "1,2";
			};
			name = Debug;
		};
		091DBB3B1E6599AD005B179C /* Release */ = {
			isa = XCBuildConfiguration;
			buildSettings = {
				ALWAYS_SEARCH_USER_PATHS = NO;
				CLANG_ANALYZER_NONNULL = YES;
				CLANG_CXX_LANGUAGE_STANDARD = "gnu++0x";
				CLANG_CXX_LIBRARY = "libc++";
				CLANG_ENABLE_MODULES = YES;
				CLANG_ENABLE_OBJC_ARC = YES;
				CLANG_WARN_BOOL_CONVERSION = YES;
				CLANG_WARN_CONSTANT_CONVERSION = YES;
				CLANG_WARN_DIRECT_OBJC_ISA_USAGE = YES_ERROR;
				CLANG_WARN_DOCUMENTATION_COMMENTS = YES;
				CLANG_WARN_EMPTY_BODY = YES;
				CLANG_WARN_ENUM_CONVERSION = YES;
				CLANG_WARN_INFINITE_RECURSION = YES;
				CLANG_WARN_INT_CONVERSION = YES;
				CLANG_WARN_OBJC_ROOT_CLASS = YES_ERROR;
				CLANG_WARN_SUSPICIOUS_MOVES = YES;
				CLANG_WARN_UNREACHABLE_CODE = YES;
				CLANG_WARN__DUPLICATE_METHOD_MATCH = YES;
				"CODE_SIGN_IDENTITY[sdk=iphoneos*]" = "iPhone Developer";
				COPY_PHASE_STRIP = NO;
				DEBUG_INFORMATION_FORMAT = "dwarf-with-dsym";
				ENABLE_NS_ASSERTIONS = NO;
				ENABLE_STRICT_OBJC_MSGSEND = YES;
				GCC_C_LANGUAGE_STANDARD = gnu99;
				GCC_NO_COMMON_BLOCKS = YES;
				GCC_WARN_64_TO_32_BIT_CONVERSION = YES;
				GCC_WARN_ABOUT_RETURN_TYPE = YES_ERROR;
				GCC_WARN_UNDECLARED_SELECTOR = YES;
				GCC_WARN_UNINITIALIZED_AUTOS = YES_AGGRESSIVE;
				GCC_WARN_UNUSED_FUNCTION = YES;
				GCC_WARN_UNUSED_VARIABLE = YES;
				IPHONEOS_DEPLOYMENT_TARGET = 10.0;
				MTL_ENABLE_DEBUG_INFO = NO;
				SDKROOT = iphoneos;
				TARGETED_DEVICE_FAMILY = "1,2";
				VALIDATE_PRODUCT = YES;
			};
			name = Release;
		};
		091DBB3D1E6599AD005B179C /* Debug */ = {
			isa = XCBuildConfiguration;
			buildSettings = {
				ASSETCATALOG_COMPILER_APPICON_NAME = AppIcon;
				INFOPLIST_FILE = ListaTablas/Info.plist;
				LD_RUNPATH_SEARCH_PATHS = "$(inherited) @executable_path/Frameworks";
				PRODUCT_BUNDLE_IDENTIFIER = com.scriptingsystems.ListaTablas;
				PRODUCT_NAME = "$(TARGET_NAME)";
			};
			name = Debug;
		};
		091DBB3E1E6599AD005B179C /* Release */ = {
			isa = XCBuildConfiguration;
			buildSettings = {
				ASSETCATALOG_COMPILER_APPICON_NAME = AppIcon;
				INFOPLIST_FILE = ListaTablas/Info.plist;
				LD_RUNPATH_SEARCH_PATHS = "$(inherited) @executable_path/Frameworks";
				PRODUCT_BUNDLE_IDENTIFIER = com.scriptingsystems.ListaTablas;
				PRODUCT_NAME = "$(TARGET_NAME)";
			};
			name = Release;
		};
/* End XCBuildConfiguration section */

/* Begin XCConfigurationList section */
		091DBB201E6599AD005B179C /* Build configuration list for PBXProject "ListaTablas" */ = {
			isa = XCConfigurationList;
			buildConfigurations = (
				091DBB3A1E6599AD005B179C /* Debug */,
				091DBB3B1E6599AD005B179C /* Release */,
			);
			defaultConfigurationIsVisible = 0;
			defaultConfigurationName = Release;
		};
		091DBB3C1E6599AD005B179C /* Build configuration list for PBXNativeTarget "ListaTablas" */ = {
			isa = XCConfigurationList;
			buildConfigurations = (
				091DBB3D1E6599AD005B179C /* Debug */,
				091DBB3E1E6599AD005B179C /* Release */,
			);
			defaultConfigurationIsVisible = 0;
		};
/* End XCConfigurationList section */
	};
	rootObject = 091DBB1D1E6599AD005B179C /* Project object */;
}
